// !$*UTF8*$!
{
	archiveVersion = 1;
	classes = {
	};
	objectVersion = 48;
	objects = {

/* Begin PBXBuildFile section */
		650822B01FDFDF520073D376 /* Missile.cpp in Sources */ = {isa = PBXBuildFile; fileRef = 650822AE1FDFDF520073D376 /* Missile.cpp */; };
		657503091FD71F340091CA68 /* all_others.cpp in Sources */ = {isa = PBXBuildFile; fileRef = 657503071FD71F340091CA68 /* all_others.cpp */; };
		65831FEA1FD745E50097FDFB /* libEngine.a in Frameworks */ = {isa = PBXBuildFile; fileRef = 65831FE91FD745E50097FDFB /* libEngine.a */; };
		65BFFA491FC42E540026DB43 /* Vaisseaux2.cpp in Sources */ = {isa = PBXBuildFile; fileRef = 65BFFA471FC42E540026DB43 /* Vaisseaux2.cpp */; };
		65BFFA4C1FC42E780026DB43 /* Vaisseaux1.cpp in Sources */ = {isa = PBXBuildFile; fileRef = 65BFFA4A1FC42E780026DB43 /* Vaisseaux1.cpp */; };
		65BFFA4F1FC42EC20026DB43 /* Asteroids1.cpp in Sources */ = {isa = PBXBuildFile; fileRef = 65BFFA4D1FC42EC20026DB43 /* Asteroids1.cpp */; };
		65BFFA521FC42EDD0026DB43 /* Asteroids2.cpp in Sources */ = {isa = PBXBuildFile; fileRef = 65BFFA501FC42EDD0026DB43 /* Asteroids2.cpp */; };
		65C8C6841FB1B58400A37F8F /* Asteroids.cpp in Sources */ = {isa = PBXBuildFile; fileRef = 65C8C6821FB1B58400A37F8F /* Asteroids.cpp */; };
		65C8C6871FB1B6D000A37F8F /* Damier.cpp in Sources */ = {isa = PBXBuildFile; fileRef = 65C8C6851FB1B6D000A37F8F /* Damier.cpp */; };
		65C8C68A1FB1C48200A37F8F /* Vaisseaux.cpp in Sources */ = {isa = PBXBuildFile; fileRef = 65C8C6881FB1C48200A37F8F /* Vaisseaux.cpp */; };
		65C8C68D1FB1D2AB00A37F8F /* Game.cpp in Sources */ = {isa = PBXBuildFile; fileRef = 65C8C68B1FB1D2AB00A37F8F /* Game.cpp */; };
		65E20ACE1FACC7450088885F /* main.cpp in Sources */ = {isa = PBXBuildFile; fileRef = 65E20ACD1FACC7450088885F /* main.cpp */; };
		65E20AD61FACC8480088885F /* Cocoa.framework in Frameworks */ = {isa = PBXBuildFile; fileRef = 65E20AD51FACC80F0088885F /* Cocoa.framework */; };
		65E20AD81FACC85C0088885F /* OpenGL.framework in Frameworks */ = {isa = PBXBuildFile; fileRef = 65E20AD71FACC8500088885F /* OpenGL.framework */; };
		65E20ADA1FACC87C0088885F /* GLUT.framework in Frameworks */ = {isa = PBXBuildFile; fileRef = 65E20AD91FACC8720088885F /* GLUT.framework */; };
		65E20AF51FACCF980088885F /* MyGraphicEngine.cpp in Sources */ = {isa = PBXBuildFile; fileRef = 65E20AF11FACCF970088885F /* MyGraphicEngine.cpp */; };
		65E20AF61FACCF980088885F /* MyControlEngine.cpp in Sources */ = {isa = PBXBuildFile; fileRef = 65E20AF21FACCF970088885F /* MyControlEngine.cpp */; };
		65E20AF81FACCF980088885F /* MyGameEngine.cpp in Sources */ = {isa = PBXBuildFile; fileRef = 65E20AF41FACCF970088885F /* MyGameEngine.cpp */; };
		65E20AFB1FACD9040088885F /* Case.cpp in Sources */ = {isa = PBXBuildFile; fileRef = 65E20AF91FACD9040088885F /* Case.cpp */; };
/* End PBXBuildFile section */

/* Begin PBXCopyFilesBuildPhase section */
		65E20AC81FACC7450088885F /* CopyFiles */ = {
			isa = PBXCopyFilesBuildPhase;
			buildActionMask = 2147483647;
			dstPath = /usr/share/man/man1/;
			dstSubfolderSpec = 0;
			files = (
			);
			runOnlyForDeploymentPostprocessing = 1;
		};
/* End PBXCopyFilesBuildPhase section */

/* Begin PBXFileReference section */
		650822AE1FDFDF520073D376 /* Missile.cpp */ = {isa = PBXFileReference; lastKnownFileType = sourcecode.cpp.cpp; path = Missile.cpp; sourceTree = "<group>"; };
		650822AF1FDFDF520073D376 /* Missile.hpp */ = {isa = PBXFileReference; lastKnownFileType = sourcecode.cpp.h; path = Missile.hpp; sourceTree = "<group>"; };
		657503071FD71F340091CA68 /* all_others.cpp */ = {isa = PBXFileReference; fileEncoding = 4; lastKnownFileType = sourcecode.cpp.cpp; path = all_others.cpp; sourceTree = "<group>"; };
		6575030C1FD71F620091CA68 /* all_others.hpp */ = {isa = PBXFileReference; fileEncoding = 4; lastKnownFileType = sourcecode.cpp.h; path = all_others.hpp; sourceTree = "<group>"; };
		65831FE91FD745E50097FDFB /* libEngine.a */ = {isa = PBXFileReference; lastKnownFileType = archive.ar; name = libEngine.a; path = projet_cpp/libMac/libEngine.a; sourceTree = "<group>"; };
		65BFFA471FC42E540026DB43 /* Vaisseaux2.cpp */ = {isa = PBXFileReference; lastKnownFileType = sourcecode.cpp.cpp; path = Vaisseaux2.cpp; sourceTree = "<group>"; };
		65BFFA481FC42E540026DB43 /* Vaisseaux2.hpp */ = {isa = PBXFileReference; lastKnownFileType = sourcecode.cpp.h; path = Vaisseaux2.hpp; sourceTree = "<group>"; };
		65BFFA4A1FC42E780026DB43 /* Vaisseaux1.cpp */ = {isa = PBXFileReference; lastKnownFileType = sourcecode.cpp.cpp; path = Vaisseaux1.cpp; sourceTree = "<group>"; };
		65BFFA4B1FC42E780026DB43 /* Vaisseaux1.hpp */ = {isa = PBXFileReference; lastKnownFileType = sourcecode.cpp.h; path = Vaisseaux1.hpp; sourceTree = "<group>"; };
		65BFFA4D1FC42EC20026DB43 /* Asteroids1.cpp */ = {isa = PBXFileReference; lastKnownFileType = sourcecode.cpp.cpp; path = Asteroids1.cpp; sourceTree = "<group>"; };
		65BFFA4E1FC42EC20026DB43 /* Asteroids1.hpp */ = {isa = PBXFileReference; lastKnownFileType = sourcecode.cpp.h; path = Asteroids1.hpp; sourceTree = "<group>"; };
		65BFFA501FC42EDD0026DB43 /* Asteroids2.cpp */ = {isa = PBXFileReference; lastKnownFileType = sourcecode.cpp.cpp; path = Asteroids2.cpp; sourceTree = "<group>"; };
		65BFFA511FC42EDD0026DB43 /* Asteroids2.hpp */ = {isa = PBXFileReference; lastKnownFileType = sourcecode.cpp.h; path = Asteroids2.hpp; sourceTree = "<group>"; };
		65C8C6821FB1B58400A37F8F /* Asteroids.cpp */ = {isa = PBXFileReference; lastKnownFileType = sourcecode.cpp.cpp; path = Asteroids.cpp; sourceTree = "<group>"; };
		65C8C6831FB1B58400A37F8F /* Asteroids.hpp */ = {isa = PBXFileReference; lastKnownFileType = sourcecode.cpp.h; path = Asteroids.hpp; sourceTree = "<group>"; };
		65C8C6851FB1B6D000A37F8F /* Damier.cpp */ = {isa = PBXFileReference; lastKnownFileType = sourcecode.cpp.cpp; path = Damier.cpp; sourceTree = "<group>"; };
		65C8C6861FB1B6D000A37F8F /* Damier.hpp */ = {isa = PBXFileReference; lastKnownFileType = sourcecode.cpp.h; path = Damier.hpp; sourceTree = "<group>"; };
		65C8C6881FB1C48200A37F8F /* Vaisseaux.cpp */ = {isa = PBXFileReference; lastKnownFileType = sourcecode.cpp.cpp; path = Vaisseaux.cpp; sourceTree = "<group>"; };
		65C8C6891FB1C48200A37F8F /* Vaisseaux.hpp */ = {isa = PBXFileReference; lastKnownFileType = sourcecode.cpp.h; path = Vaisseaux.hpp; sourceTree = "<group>"; };
		65C8C68B1FB1D2AB00A37F8F /* Game.cpp */ = {isa = PBXFileReference; lastKnownFileType = sourcecode.cpp.cpp; path = Game.cpp; sourceTree = "<group>"; };
		65C8C68C1FB1D2AB00A37F8F /* Game.hpp */ = {isa = PBXFileReference; lastKnownFileType = sourcecode.cpp.h; path = Game.hpp; sourceTree = "<group>"; };
		65E20ACA1FACC7450088885F /* projet_cpp */ = {isa = PBXFileReference; explicitFileType = "compiled.mach-o.executable"; includeInIndex = 0; path = projet_cpp; sourceTree = BUILT_PRODUCTS_DIR; };
		65E20ACD1FACC7450088885F /* main.cpp */ = {isa = PBXFileReference; lastKnownFileType = sourcecode.cpp.cpp; path = main.cpp; sourceTree = "<group>"; };
		65E20AD51FACC80F0088885F /* Cocoa.framework */ = {isa = PBXFileReference; lastKnownFileType = wrapper.framework; name = Cocoa.framework; path = System/Library/Frameworks/Cocoa.framework; sourceTree = SDKROOT; };
		65E20AD71FACC8500088885F /* OpenGL.framework */ = {isa = PBXFileReference; lastKnownFileType = wrapper.framework; name = OpenGL.framework; path = System/Library/Frameworks/OpenGL.framework; sourceTree = SDKROOT; };
		65E20AD91FACC8720088885F /* GLUT.framework */ = {isa = PBXFileReference; lastKnownFileType = wrapper.framework; name = GLUT.framework; path = System/Library/Frameworks/GLUT.framework; sourceTree = SDKROOT; };
		65E20ADE1FACCAA90088885F /* libEngine.a */ = {isa = PBXFileReference; lastKnownFileType = archive.ar; path = libEngine.a; sourceTree = "<group>"; };
		65E20AE11FACCCB40088885F /* README.md */ = {isa = PBXFileReference; fileEncoding = 4; lastKnownFileType = net.daringfireball.markdown; path = README.md; sourceTree = "<group>"; };
		65E20AE51FACCE2B0088885F /* GL */ = {isa = PBXFileReference; lastKnownFileType = folder; path = GL; sourceTree = "<group>"; };
		65E20AE61FACCF850088885F /* libGraphicInclude.h */ = {isa = PBXFileReference; fileEncoding = 4; lastKnownFileType = sourcecode.c.h; path = libGraphicInclude.h; sourceTree = "<group>"; };
		65E20AE71FACCF850088885F /* GraphicEngine.h */ = {isa = PBXFileReference; fileEncoding = 4; lastKnownFileType = sourcecode.c.h; path = GraphicEngine.h; sourceTree = "<group>"; };
		65E20AE81FACCF850088885F /* MyControlEngine.h */ = {isa = PBXFileReference; fileEncoding = 4; lastKnownFileType = sourcecode.c.h; path = MyControlEngine.h; sourceTree = "<group>"; };
		65E20AE91FACCF850088885F /* ControlEngine.h */ = {isa = PBXFileReference; fileEncoding = 4; lastKnownFileType = sourcecode.c.h; path = ControlEngine.h; sourceTree = "<group>"; };
		65E20AEA1FACCF850088885F /* MyGraphicEngine.h */ = {isa = PBXFileReference; fileEncoding = 4; lastKnownFileType = sourcecode.c.h; path = MyGraphicEngine.h; sourceTree = "<group>"; };
		65E20AEB1FACCF850088885F /* Stopwatch.h */ = {isa = PBXFileReference; fileEncoding = 4; lastKnownFileType = sourcecode.c.h; path = Stopwatch.h; sourceTree = "<group>"; };
		65E20AEC1FACCF850088885F /* MyGameEngine.h */ = {isa = PBXFileReference; fileEncoding = 4; lastKnownFileType = sourcecode.c.h; path = MyGameEngine.h; sourceTree = "<group>"; };
		65E20AED1FACCF850088885F /* Engine.h */ = {isa = PBXFileReference; fileEncoding = 4; lastKnownFileType = sourcecode.c.h; path = Engine.h; sourceTree = "<group>"; };
		65E20AEF1FACCF850088885F /* GameEngine.h */ = {isa = PBXFileReference; fileEncoding = 4; lastKnownFileType = sourcecode.c.h; path = GameEngine.h; sourceTree = "<group>"; };
		65E20AF01FACCF850088885F /* GraphicPrimitives.h */ = {isa = PBXFileReference; fileEncoding = 4; lastKnownFileType = sourcecode.c.h; path = GraphicPrimitives.h; sourceTree = "<group>"; };
		65E20AF11FACCF970088885F /* MyGraphicEngine.cpp */ = {isa = PBXFileReference; fileEncoding = 4; lastKnownFileType = sourcecode.cpp.cpp; path = MyGraphicEngine.cpp; sourceTree = "<group>"; };
		65E20AF21FACCF970088885F /* MyControlEngine.cpp */ = {isa = PBXFileReference; fileEncoding = 4; lastKnownFileType = sourcecode.cpp.cpp; path = MyControlEngine.cpp; sourceTree = "<group>"; };
		65E20AF41FACCF970088885F /* MyGameEngine.cpp */ = {isa = PBXFileReference; fileEncoding = 4; lastKnownFileType = sourcecode.cpp.cpp; path = MyGameEngine.cpp; sourceTree = "<group>"; };
		65E20AF91FACD9040088885F /* Case.cpp */ = {isa = PBXFileReference; lastKnownFileType = sourcecode.cpp.cpp; path = Case.cpp; sourceTree = "<group>"; };
		65E20AFA1FACD9040088885F /* Case.hpp */ = {isa = PBXFileReference; lastKnownFileType = sourcecode.cpp.h; path = Case.hpp; sourceTree = "<group>"; };
/* End PBXFileReference section */

/* Begin PBXFrameworksBuildPhase section */
		65E20AC71FACC7450088885F /* Frameworks */ = {
			isa = PBXFrameworksBuildPhase;
			buildActionMask = 2147483647;
			files = (
				65831FEA1FD745E50097FDFB /* libEngine.a in Frameworks */,
				65E20ADA1FACC87C0088885F /* GLUT.framework in Frameworks */,
				65E20AD81FACC85C0088885F /* OpenGL.framework in Frameworks */,
				65E20AD61FACC8480088885F /* Cocoa.framework in Frameworks */,
			);
			runOnlyForDeploymentPostprocessing = 0;
		};
/* End PBXFrameworksBuildPhase section */

/* Begin PBXGroup section */
		65E20AC11FACC7450088885F = {
			isa = PBXGroup;
			children = (
				65E20ACC1FACC7450088885F /* projet_cpp */,
				65E20ACB1FACC7450088885F /* Products */,
				65E20AD41FACC80F0088885F /* Frameworks */,
			);
			sourceTree = "<group>";
		};
		65E20ACB1FACC7450088885F /* Products */ = {
			isa = PBXGroup;
			children = (
				65E20ACA1FACC7450088885F /* projet_cpp */,
			);
			name = Products;
			sourceTree = "<group>";
		};
		65E20ACC1FACC7450088885F /* projet_cpp */ = {
			isa = PBXGroup;
			children = (
				65E20ADC1FACC95D0088885F /* doc */,
				65E20ADD1FACC98F0088885F /* src */,
				65E20ADB1FACC9360088885F /* include */,
			);
			path = projet_cpp;
			sourceTree = "<group>";
		};
		65E20AD41FACC80F0088885F /* Frameworks */ = {
			isa = PBXGroup;
			children = (
				65E20ADE1FACCAA90088885F /* libEngine.a */,
				65831FE91FD745E50097FDFB /* libEngine.a */,
				65E20AD91FACC8720088885F /* GLUT.framework */,
				65E20AD71FACC8500088885F /* OpenGL.framework */,
				65E20AD51FACC80F0088885F /* Cocoa.framework */,
			);
			name = Frameworks;
			sourceTree = "<group>";
		};
		65E20ADB1FACC9360088885F /* include */ = {
			isa = PBXGroup;
			children = (
				650822AF1FDFDF520073D376 /* Missile.hpp */,
				6575030C1FD71F620091CA68 /* all_others.hpp */,
				65C8C68C1FB1D2AB00A37F8F /* Game.hpp */,
				65E20AFA1FACD9040088885F /* Case.hpp */,
				65C8C6831FB1B58400A37F8F /* Asteroids.hpp */,
				65BFFA4E1FC42EC20026DB43 /* Asteroids1.hpp */,
				65BFFA511FC42EDD0026DB43 /* Asteroids2.hpp */,
				65C8C6861FB1B6D000A37F8F /* Damier.hpp */,
				65C8C6891FB1C48200A37F8F /* Vaisseaux.hpp */,
				65BFFA4B1FC42E780026DB43 /* Vaisseaux1.hpp */,
				65BFFA481FC42E540026DB43 /* Vaisseaux2.hpp */,
				65E20AE91FACCF850088885F /* ControlEngine.h */,
				65E20AED1FACCF850088885F /* Engine.h */,
				65E20AEF1FACCF850088885F /* GameEngine.h */,
				65E20AE71FACCF850088885F /* GraphicEngine.h */,
				65E20AF01FACCF850088885F /* GraphicPrimitives.h */,
				65E20AE61FACCF850088885F /* libGraphicInclude.h */,
				65E20AE81FACCF850088885F /* MyControlEngine.h */,
				65E20AEC1FACCF850088885F /* MyGameEngine.h */,
				65E20AEA1FACCF850088885F /* MyGraphicEngine.h */,
				65E20AEB1FACCF850088885F /* Stopwatch.h */,
				65E20AE51FACCE2B0088885F /* GL */,
			);
			path = include;
			sourceTree = "<group>";
		};
		65E20ADC1FACC95D0088885F /* doc */ = {
			isa = PBXGroup;
			children = (
				65E20AE11FACCCB40088885F /* README.md */,
			);
			path = doc;
			sourceTree = "<group>";
		};
		65E20ADD1FACC98F0088885F /* src */ = {
			isa = PBXGroup;
			children = (
				65E20AF21FACCF970088885F /* MyControlEngine.cpp */,
				65E20AF41FACCF970088885F /* MyGameEngine.cpp */,
				65E20AF11FACCF970088885F /* MyGraphicEngine.cpp */,
				65E20ACD1FACC7450088885F /* main.cpp */,
				65E20AF91FACD9040088885F /* Case.cpp */,
				65C8C6821FB1B58400A37F8F /* Asteroids.cpp */,
				65BFFA4D1FC42EC20026DB43 /* Asteroids1.cpp */,
				65BFFA501FC42EDD0026DB43 /* Asteroids2.cpp */,
				65C8C6851FB1B6D000A37F8F /* Damier.cpp */,
				65C8C6881FB1C48200A37F8F /* Vaisseaux.cpp */,
				65BFFA4A1FC42E780026DB43 /* Vaisseaux1.cpp */,
				65BFFA471FC42E540026DB43 /* Vaisseaux2.cpp */,
				65C8C68B1FB1D2AB00A37F8F /* Game.cpp */,
				657503071FD71F340091CA68 /* all_others.cpp */,
				650822AE1FDFDF520073D376 /* Missile.cpp */,
			);
			path = src;
			sourceTree = "<group>";
		};
/* End PBXGroup section */

/* Begin PBXNativeTarget section */
		65E20AC91FACC7450088885F /* projet_cpp */ = {
			isa = PBXNativeTarget;
			buildConfigurationList = 65E20AD11FACC7450088885F /* Build configuration list for PBXNativeTarget "projet_cpp" */;
			buildPhases = (
				65E20AC61FACC7450088885F /* Sources */,
				65E20AC71FACC7450088885F /* Frameworks */,
				65E20AC81FACC7450088885F /* CopyFiles */,
			);
			buildRules = (
			);
			dependencies = (
			);
			name = projet_cpp;
			productName = projet_cpp;
			productReference = 65E20ACA1FACC7450088885F /* projet_cpp */;
			productType = "com.apple.product-type.tool";
		};
/* End PBXNativeTarget section */

/* Begin PBXProject section */
		65E20AC21FACC7450088885F /* Project object */ = {
			isa = PBXProject;
			attributes = {
				LastUpgradeCheck = 0910;
				ORGANIZATIONNAME = "Grace BOUKOU";
				TargetAttributes = {
					65E20AC91FACC7450088885F = {
						CreatedOnToolsVersion = 9.1;
						ProvisioningStyle = Automatic;
					};
				};
			};
			buildConfigurationList = 65E20AC51FACC7450088885F /* Build configuration list for PBXProject "projet_cpp" */;
			compatibilityVersion = "Xcode 8.0";
			developmentRegion = en;
			hasScannedForEncodings = 0;
			knownRegions = (
				en,
			);
			mainGroup = 65E20AC11FACC7450088885F;
			productRefGroup = 65E20ACB1FACC7450088885F /* Products */;
			projectDirPath = "";
			projectRoot = "";
			targets = (
				65E20AC91FACC7450088885F /* projet_cpp */,
			);
		};
/* End PBXProject section */

/* Begin PBXSourcesBuildPhase section */
		65E20AC61FACC7450088885F /* Sources */ = {
			isa = PBXSourcesBuildPhase;
			buildActionMask = 2147483647;
			files = (
				65C8C68D1FB1D2AB00A37F8F /* Game.cpp in Sources */,
				65E20AF81FACCF980088885F /* MyGameEngine.cpp in Sources */,
				65BFFA521FC42EDD0026DB43 /* Asteroids2.cpp in Sources */,
				65BFFA4F1FC42EC20026DB43 /* Asteroids1.cpp in Sources */,
				65E20AF51FACCF980088885F /* MyGraphicEngine.cpp in Sources */,
				65BFFA4C1FC42E780026DB43 /* Vaisseaux1.cpp in Sources */,
				650822B01FDFDF520073D376 /* Missile.cpp in Sources */,
				65C8C6841FB1B58400A37F8F /* Asteroids.cpp in Sources */,
				65C8C6871FB1B6D000A37F8F /* Damier.cpp in Sources */,
				65E20ACE1FACC7450088885F /* main.cpp in Sources */,
				65E20AF61FACCF980088885F /* MyControlEngine.cpp in Sources */,
				657503091FD71F340091CA68 /* all_others.cpp in Sources */,
				65E20AFB1FACD9040088885F /* Case.cpp in Sources */,
				65C8C68A1FB1C48200A37F8F /* Vaisseaux.cpp in Sources */,
				65BFFA491FC42E540026DB43 /* Vaisseaux2.cpp in Sources */,
			);
			runOnlyForDeploymentPostprocessing = 0;
		};
/* End PBXSourcesBuildPhase section */

/* Begin XCBuildConfiguration section */
		65E20ACF1FACC7450088885F /* Debug */ = {
			isa = XCBuildConfiguration;
			buildSettings = {
				ALWAYS_SEARCH_USER_PATHS = NO;
				CLANG_ANALYZER_NONNULL = YES;
				CLANG_ANALYZER_NUMBER_OBJECT_CONVERSION = YES_AGGRESSIVE;
				CLANG_CXX_LANGUAGE_STANDARD = "gnu++14";
				CLANG_CXX_LIBRARY = "libc++";
				CLANG_ENABLE_MODULES = YES;
				CLANG_ENABLE_OBJC_ARC = YES;
				CLANG_WARN_BLOCK_CAPTURE_AUTORELEASING = YES;
				CLANG_WARN_BOOL_CONVERSION = YES;
				CLANG_WARN_COMMA = YES;
				CLANG_WARN_CONSTANT_CONVERSION = YES;
				CLANG_WARN_DIRECT_OBJC_ISA_USAGE = YES_ERROR;
				CLANG_WARN_DOCUMENTATION_COMMENTS = YES;
				CLANG_WARN_EMPTY_BODY = YES;
				CLANG_WARN_ENUM_CONVERSION = YES;
				CLANG_WARN_INFINITE_RECURSION = YES;
				CLANG_WARN_INT_CONVERSION = YES;
				CLANG_WARN_NON_LITERAL_NULL_CONVERSION = YES;
				CLANG_WARN_OBJC_LITERAL_CONVERSION = YES;
				CLANG_WARN_OBJC_ROOT_CLASS = YES_ERROR;
				CLANG_WARN_RANGE_LOOP_ANALYSIS = YES;
				CLANG_WARN_STRICT_PROTOTYPES = YES;
				CLANG_WARN_SUSPICIOUS_MOVE = YES;
				CLANG_WARN_UNGUARDED_AVAILABILITY = YES_AGGRESSIVE;
				CLANG_WARN_UNREACHABLE_CODE = YES;
				CLANG_WARN__DUPLICATE_METHOD_MATCH = YES;
				CODE_SIGN_IDENTITY = "-";
				COPY_PHASE_STRIP = NO;
				DEBUG_INFORMATION_FORMAT = dwarf;
				ENABLE_STRICT_OBJC_MSGSEND = YES;
				ENABLE_TESTABILITY = YES;
				GCC_C_LANGUAGE_STANDARD = gnu11;
				GCC_DYNAMIC_NO_PIC = NO;
				GCC_NO_COMMON_BLOCKS = YES;
				GCC_OPTIMIZATION_LEVEL = 0;
				GCC_PREPROCESSOR_DEFINITIONS = (
					"DEBUG=1",
					"$(inherited)",
				);
				GCC_WARN_64_TO_32_BIT_CONVERSION = YES;
				GCC_WARN_ABOUT_RETURN_TYPE = YES_ERROR;
				GCC_WARN_UNDECLARED_SELECTOR = YES;
				GCC_WARN_UNINITIALIZED_AUTOS = YES_AGGRESSIVE;
				GCC_WARN_UNUSED_FUNCTION = YES;
				GCC_WARN_UNUSED_VARIABLE = YES;
				MACOSX_DEPLOYMENT_TARGET = 10.13;
				MTL_ENABLE_DEBUG_INFO = YES;
				ONLY_ACTIVE_ARCH = YES;
				SDKROOT = macosx;
			};
			name = Debug;
		};
		65E20AD01FACC7450088885F /* Release */ = {
			isa = XCBuildConfiguration;
			buildSettings = {
				ALWAYS_SEARCH_USER_PATHS = NO;
				CLANG_ANALYZER_NONNULL = YES;
				CLANG_ANALYZER_NUMBER_OBJECT_CONVERSION = YES_AGGRESSIVE;
				CLANG_CXX_LANGUAGE_STANDARD = "gnu++14";
				CLANG_CXX_LIBRARY = "libc++";
				CLANG_ENABLE_MODULES = YES;
				CLANG_ENABLE_OBJC_ARC = YES;
				CLANG_WARN_BLOCK_CAPTURE_AUTORELEASING = YES;
				CLANG_WARN_BOOL_CONVERSION = YES;
				CLANG_WARN_COMMA = YES;
				CLANG_WARN_CONSTANT_CONVERSION = YES;
				CLANG_WARN_DIRECT_OBJC_ISA_USAGE = YES_ERROR;
				CLANG_WARN_DOCUMENTATION_COMMENTS = YES;
				CLANG_WARN_EMPTY_BODY = YES;
				CLANG_WARN_ENUM_CONVERSION = YES;
				CLANG_WARN_INFINITE_RECURSION = YES;
				CLANG_WARN_INT_CONVERSION = YES;
				CLANG_WARN_NON_LITERAL_NULL_CONVERSION = YES;
				CLANG_WARN_OBJC_LITERAL_CONVERSION = YES;
				CLANG_WARN_OBJC_ROOT_CLASS = YES_ERROR;
				CLANG_WARN_RANGE_LOOP_ANALYSIS = YES;
				CLANG_WARN_STRICT_PROTOTYPES = YES;
				CLANG_WARN_SUSPICIOUS_MOVE = YES;
				CLANG_WARN_UNGUARDED_AVAILABILITY = YES_AGGRESSIVE;
				CLANG_WARN_UNREACHABLE_CODE = YES;
				CLANG_WARN__DUPLICATE_METHOD_MATCH = YES;
				CODE_SIGN_IDENTITY = "-";
				COPY_PHASE_STRIP = NO;
				DEBUG_INFORMATION_FORMAT = "dwarf-with-dsym";
				ENABLE_NS_ASSERTIONS = NO;
				ENABLE_STRICT_OBJC_MSGSEND = YES;
				GCC_C_LANGUAGE_STANDARD = gnu11;
				GCC_NO_COMMON_BLOCKS = YES;
				GCC_WARN_64_TO_32_BIT_CONVERSION = YES;
				GCC_WARN_ABOUT_RETURN_TYPE = YES_ERROR;
				GCC_WARN_UNDECLARED_SELECTOR = YES;
				GCC_WARN_UNINITIALIZED_AUTOS = YES_AGGRESSIVE;
				GCC_WARN_UNUSED_FUNCTION = YES;
				GCC_WARN_UNUSED_VARIABLE = YES;
				MACOSX_DEPLOYMENT_TARGET = 10.13;
				MTL_ENABLE_DEBUG_INFO = NO;
				SDKROOT = macosx;
			};
			name = Release;
		};
		65E20AD21FACC7450088885F /* Debug */ = {
			isa = XCBuildConfiguration;
			buildSettings = {
				CODE_SIGN_STYLE = Automatic;
				LIBRARY_SEARCH_PATHS = (
					"$(inherited)",
					"$(PROJECT_DIR)",
					"$(PROJECT_DIR)/projet_cpp/libMac",
				);
				PRODUCT_NAME = "$(TARGET_NAME)";
			};
			name = Debug;
		};
		65E20AD31FACC7450088885F /* Release */ = {
			isa = XCBuildConfiguration;
			buildSettings = {
				CODE_SIGN_STYLE = Automatic;
				LIBRARY_SEARCH_PATHS = (
					"$(inherited)",
					"$(PROJECT_DIR)",
					"$(PROJECT_DIR)/projet_cpp/libMac",
				);
				PRODUCT_NAME = "$(TARGET_NAME)";
			};
			name = Release;
		};
/* End XCBuildConfiguration section */

/* Begin XCConfigurationList section */
		65E20AC51FACC7450088885F /* Build configuration list for PBXProject "projet_cpp" */ = {
			isa = XCConfigurationList;
			buildConfigurations = (
				65E20ACF1FACC7450088885F /* Debug */,
				65E20AD01FACC7450088885F /* Release */,
			);
			defaultConfigurationIsVisible = 0;
			defaultConfigurationName = Release;
		};
		65E20AD11FACC7450088885F /* Build configuration list for PBXNativeTarget "projet_cpp" */ = {
			isa = XCConfigurationList;
			buildConfigurations = (
				65E20AD21FACC7450088885F /* Debug */,
				65E20AD31FACC7450088885F /* Release */,
			);
			defaultConfigurationIsVisible = 0;
			defaultConfigurationName = Release;
		};
/* End XCConfigurationList section */
	};
	rootObject = 65E20AC21FACC7450088885F /* Project object */;
}
