// !$*UTF8*$!
{
	archiveVersion = 1;
	classes = {
	};
	objectVersion = 48;
	objects = {

/* Begin PBXBuildFile section */
		65E20ACE1FACC7450088885F /* main.cpp in Sources */ = {isa = PBXBuildFile; fileRef = 65E20ACD1FACC7450088885F /* main.cpp */; };
		65E20AD61FACC8480088885F /* Cocoa.framework in Frameworks */ = {isa = PBXBuildFile; fileRef = 65E20AD51FACC80F0088885F /* Cocoa.framework */; };
		65E20AD81FACC85C0088885F /* OpenGL.framework in Frameworks */ = {isa = PBXBuildFile; fileRef = 65E20AD71FACC8500088885F /* OpenGL.framework */; };
		65E20ADA1FACC87C0088885F /* GLUT.framework in Frameworks */ = {isa = PBXBuildFile; fileRef = 65E20AD91FACC8720088885F /* GLUT.framework */; };
		65E20AE01FACCAD00088885F /* libEngine.a in Frameworks */ = {isa = PBXBuildFile; fileRef = 65E20ADE1FACCAA90088885F /* libEngine.a */; };
/* End PBXBuildFile section */

/* Begin PBXCopyFilesBuildPhase section */
		65E20AC81FACC7450088885F /* CopyFiles */ = {
			isa = PBXCopyFilesBuildPhase;
			buildActionMask = 2147483647;
			dstPath = /usr/share/man/man1/;
			dstSubfolderSpec = 0;
			files = (
			);
			runOnlyForDeploymentPostprocessing = 1;
		};
/* End PBXCopyFilesBuildPhase section */

/* Begin PBXFileReference section */
		65E20ACA1FACC7450088885F /* projet_cpp */ = {isa = PBXFileReference; explicitFileType = "compiled.mach-o.executable"; includeInIndex = 0; path = projet_cpp; sourceTree = BUILT_PRODUCTS_DIR; };
		65E20ACD1FACC7450088885F /* main.cpp */ = {isa = PBXFileReference; lastKnownFileType = sourcecode.cpp.cpp; path = main.cpp; sourceTree = "<group>"; };
		65E20AD51FACC80F0088885F /* Cocoa.framework */ = {isa = PBXFileReference; lastKnownFileType = wrapper.framework; name = Cocoa.framework; path = System/Library/Frameworks/Cocoa.framework; sourceTree = SDKROOT; };
		65E20AD71FACC8500088885F /* OpenGL.framework */ = {isa = PBXFileReference; lastKnownFileType = wrapper.framework; name = OpenGL.framework; path = System/Library/Frameworks/OpenGL.framework; sourceTree = SDKROOT; };
		65E20AD91FACC8720088885F /* GLUT.framework */ = {isa = PBXFileReference; lastKnownFileType = wrapper.framework; name = GLUT.framework; path = System/Library/Frameworks/GLUT.framework; sourceTree = SDKROOT; };
		65E20ADE1FACCAA90088885F /* libEngine.a */ = {isa = PBXFileReference; lastKnownFileType = archive.ar; path = libEngine.a; sourceTree = "<group>"; };
/* End PBXFileReference section */

/* Begin PBXFrameworksBuildPhase section */
		65E20AC71FACC7450088885F /* Frameworks */ = {
			isa = PBXFrameworksBuildPhase;
			buildActionMask = 2147483647;
			files = (
				65E20AE01FACCAD00088885F /* libEngine.a in Frameworks */,
				65E20ADA1FACC87C0088885F /* GLUT.framework in Frameworks */,
				65E20AD81FACC85C0088885F /* OpenGL.framework in Frameworks */,
				65E20AD61FACC8480088885F /* Cocoa.framework in Frameworks */,
			);
			runOnlyForDeploymentPostprocessing = 0;
		};
/* End PBXFrameworksBuildPhase section */

/* Begin PBXGroup section */
		65E20AC11FACC7450088885F = {
			isa = PBXGroup;
			children = (
				65E20ACC1FACC7450088885F /* projet_cpp */,
				65E20ACB1FACC7450088885F /* Products */,
				65E20AD41FACC80F0088885F /* Frameworks */,
			);
			sourceTree = "<group>";
		};
		65E20ACB1FACC7450088885F /* Products */ = {
			isa = PBXGroup;
			children = (
				65E20ACA1FACC7450088885F /* projet_cpp */,
			);
			name = Products;
			sourceTree = "<group>";
		};
		65E20ACC1FACC7450088885F /* projet_cpp */ = {
			isa = PBXGroup;
			children = (
				65E20ADD1FACC98F0088885F /* src */,
				65E20ADC1FACC95D0088885F /* doc */,
				65E20ADB1FACC9360088885F /* include */,
				65E20ACD1FACC7450088885F /* main.cpp */,
			);
			path = projet_cpp;
			sourceTree = "<group>";
		};
		65E20AD41FACC80F0088885F /* Frameworks */ = {
			isa = PBXGroup;
			children = (
				65E20ADE1FACCAA90088885F /* libEngine.a */,
				65E20AD91FACC8720088885F /* GLUT.framework */,
				65E20AD71FACC8500088885F /* OpenGL.framework */,
				65E20AD51FACC80F0088885F /* Cocoa.framework */,
			);
			name = Frameworks;
			sourceTree = "<group>";
		};
		65E20ADB1FACC9360088885F /* include */ = {
			isa = PBXGroup;
			children = (
			);
			path = include;
			sourceTree = "<group>";
		};
		65E20ADC1FACC95D0088885F /* doc */ = {
			isa = PBXGroup;
			children = (
			);
			path = doc;
			sourceTree = "<group>";
		};
		65E20ADD1FACC98F0088885F /* src */ = {
			isa = PBXGroup;
			children = (
			);
			path = src;
			sourceTree = "<group>";
		};
/* End PBXGroup section */

/* Begin PBXNativeTarget section */
		65E20AC91FACC7450088885F /* projet_cpp */ = {
			isa = PBXNativeTarget;
			buildConfigurationList = 65E20AD11FACC7450088885F /* Build configuration list for PBXNativeTarget "projet_cpp" */;
			buildPhases = (
				65E20AC61FACC7450088885F /* Sources */,
				65E20AC71FACC7450088885F /* Frameworks */,
				65E20AC81FACC7450088885F /* CopyFiles */,
			);
			buildRules = (
			);
			dependencies = (
			);
			name = projet_cpp;
			productName = projet_cpp;
			productReference = 65E20ACA1FACC7450088885F /* projet_cpp */;
			productType = "com.apple.product-type.tool";
		};
/* End PBXNativeTarget section */

/* Begin PBXProject section */
		65E20AC21FACC7450088885F /* Project object */ = {
			isa = PBXProject;
			attributes = {
				LastUpgradeCheck = 0910;
				ORGANIZATIONNAME = "Grace BOUKOU";
				TargetAttributes = {
					65E20AC91FACC7450088885F = {
						CreatedOnToolsVersion = 9.1;
						ProvisioningStyle = Automatic;
					};
				};
			};
			buildConfigurationList = 65E20AC51FACC7450088885F /* Build configuration list for PBXProject "projet_cpp" */;
			compatibilityVersion = "Xcode 8.0";
			developmentRegion = en;
			hasScannedForEncodings = 0;
			knownRegions = (
				en,
			);
			mainGroup = 65E20AC11FACC7450088885F;
			productRefGroup = 65E20ACB1FACC7450088885F /* Products */;
			projectDirPath = "";
			projectRoot = "";
			targets = (
				65E20AC91FACC7450088885F /* projet_cpp */,
			);
		};
/* End PBXProject section */

/* Begin PBXSourcesBuildPhase section */
		65E20AC61FACC7450088885F /* Sources */ = {
			isa = PBXSourcesBuildPhase;
			buildActionMask = 2147483647;
			files = (
				65E20ACE1FACC7450088885F /* main.cpp in Sources */,
			);
			runOnlyForDeploymentPostprocessing = 0;
		};
/* End PBXSourcesBuildPhase section */

/* Begin XCBuildConfiguration section */
		65E20ACF1FACC7450088885F /* Debug */ = {
			isa = XCBuildConfiguration;
			buildSettings = {
				ALWAYS_SEARCH_USER_PATHS = NO;
				CLANG_ANALYZER_NONNULL = YES;
				CLANG_ANALYZER_NUMBER_OBJECT_CONVERSION = YES_AGGRESSIVE;
				CLANG_CXX_LANGUAGE_STANDARD = "gnu++14";
				CLANG_CXX_LIBRARY = "libc++";
				CLANG_ENABLE_MODULES = YES;
				CLANG_ENABLE_OBJC_ARC = YES;
				CLANG_WARN_BLOCK_CAPTURE_AUTORELEASING = YES;
				CLANG_WARN_BOOL_CONVERSION = YES;
				CLANG_WARN_COMMA = YES;
				CLANG_WARN_CONSTANT_CONVERSION = YES;
				CLANG_WARN_DIRECT_OBJC_ISA_USAGE = YES_ERROR;
				CLANG_WARN_DOCUMENTATION_COMMENTS = YES;
				CLANG_WARN_EMPTY_BODY = YES;
				CLANG_WARN_ENUM_CONVERSION = YES;
				CLANG_WARN_INFINITE_RECURSION = YES;
				CLANG_WARN_INT_CONVERSION = YES;
				CLANG_WARN_NON_LITERAL_NULL_CONVERSION = YES;
				CLANG_WARN_OBJC_LITERAL_CONVERSION = YES;
				CLANG_WARN_OBJC_ROOT_CLASS = YES_ERROR;
				CLANG_WARN_RANGE_LOOP_ANALYSIS = YES;
				CLANG_WARN_STRICT_PROTOTYPES = YES;
				CLANG_WARN_SUSPICIOUS_MOVE = YES;
				CLANG_WARN_UNGUARDED_AVAILABILITY = YES_AGGRESSIVE;
				CLANG_WARN_UNREACHABLE_CODE = YES;
				CLANG_WARN__DUPLICATE_METHOD_MATCH = YES;
				CODE_SIGN_IDENTITY = "-";
				COPY_PHASE_STRIP = NO;
				DEBUG_INFORMATION_FORMAT = dwarf;
				ENABLE_STRICT_OBJC_MSGSEND = YES;
				ENABLE_TESTABILITY = YES;
				GCC_C_LANGUAGE_STANDARD = gnu11;
				GCC_DYNAMIC_NO_PIC = NO;
				GCC_NO_COMMON_BLOCKS = YES;
				GCC_OPTIMIZATION_LEVEL = 0;
				GCC_PREPROCESSOR_DEFINITIONS = (
					"DEBUG=1",
					"$(inherited)",
				);
				GCC_WARN_64_TO_32_BIT_CONVERSION = YES;
				GCC_WARN_ABOUT_RETURN_TYPE = YES_ERROR;
				GCC_WARN_UNDECLARED_SELECTOR = YES;
				GCC_WARN_UNINITIALIZED_AUTOS = YES_AGGRESSIVE;
				GCC_WARN_UNUSED_FUNCTION = YES;
				GCC_WARN_UNUSED_VARIABLE = YES;
				MACOSX_DEPLOYMENT_TARGET = 10.13;
				MTL_ENABLE_DEBUG_INFO = YES;
				ONLY_ACTIVE_ARCH = YES;
				SDKROOT = macosx;
			};
			name = Debug;
		};
		65E20AD01FACC7450088885F /* Release */ = {
			isa = XCBuildConfiguration;
			buildSettings = {
				ALWAYS_SEARCH_USER_PATHS = NO;
				CLANG_ANALYZER_NONNULL = YES;
				CLANG_ANALYZER_NUMBER_OBJECT_CONVERSION = YES_AGGRESSIVE;
				CLANG_CXX_LANGUAGE_STANDARD = "gnu++14";
				CLANG_CXX_LIBRARY = "libc++";
				CLANG_ENABLE_MODULES = YES;
				CLANG_ENABLE_OBJC_ARC = YES;
				CLANG_WARN_BLOCK_CAPTURE_AUTORELEASING = YES;
				CLANG_WARN_BOOL_CONVERSION = YES;
				CLANG_WARN_COMMA = YES;
				CLANG_WARN_CONSTANT_CONVERSION = YES;
				CLANG_WARN_DIRECT_OBJC_ISA_USAGE = YES_ERROR;
				CLANG_WARN_DOCUMENTATION_COMMENTS = YES;
				CLANG_WARN_EMPTY_BODY = YES;
				CLANG_WARN_ENUM_CONVERSION = YES;
				CLANG_WARN_INFINITE_RECURSION = YES;
				CLANG_WARN_INT_CONVERSION = YES;
				CLANG_WARN_NON_LITERAL_NULL_CONVERSION = YES;
				CLANG_WARN_OBJC_LITERAL_CONVERSION = YES;
				CLANG_WARN_OBJC_ROOT_CLASS = YES_ERROR;
				CLANG_WARN_RANGE_LOOP_ANALYSIS = YES;
				CLANG_WARN_STRICT_PROTOTYPES = YES;
				CLANG_WARN_SUSPICIOUS_MOVE = YES;
				CLANG_WARN_UNGUARDED_AVAILABILITY = YES_AGGRESSIVE;
				CLANG_WARN_UNREACHABLE_CODE = YES;
				CLANG_WARN__DUPLICATE_METHOD_MATCH = YES;
				CODE_SIGN_IDENTITY = "-";
				COPY_PHASE_STRIP = NO;
				DEBUG_INFORMATION_FORMAT = "dwarf-with-dsym";
				ENABLE_NS_ASSERTIONS = NO;
				ENABLE_STRICT_OBJC_MSGSEND = YES;
				GCC_C_LANGUAGE_STANDARD = gnu11;
				GCC_NO_COMMON_BLOCKS = YES;
				GCC_WARN_64_TO_32_BIT_CONVERSION = YES;
				GCC_WARN_ABOUT_RETURN_TYPE = YES_ERROR;
				GCC_WARN_UNDECLARED_SELECTOR = YES;
				GCC_WARN_UNINITIALIZED_AUTOS = YES_AGGRESSIVE;
				GCC_WARN_UNUSED_FUNCTION = YES;
				GCC_WARN_UNUSED_VARIABLE = YES;
				MACOSX_DEPLOYMENT_TARGET = 10.13;
				MTL_ENABLE_DEBUG_INFO = NO;
				SDKROOT = macosx;
			};
			name = Release;
		};
		65E20AD21FACC7450088885F /* Debug */ = {
			isa = XCBuildConfiguration;
			buildSettings = {
				CODE_SIGN_STYLE = Automatic;
				LIBRARY_SEARCH_PATHS = (
					"$(inherited)",
					"$(PROJECT_DIR)",
				);
				PRODUCT_NAME = "$(TARGET_NAME)";
			};
			name = Debug;
		};
		65E20AD31FACC7450088885F /* Release */ = {
			isa = XCBuildConfiguration;
			buildSettings = {
				CODE_SIGN_STYLE = Automatic;
				LIBRARY_SEARCH_PATHS = (
					"$(inherited)",
					"$(PROJECT_DIR)",
				);
				PRODUCT_NAME = "$(TARGET_NAME)";
			};
			name = Release;
		};
/* End XCBuildConfiguration section */

/* Begin XCConfigurationList section */
		65E20AC51FACC7450088885F /* Build configuration list for PBXProject "projet_cpp" */ = {
			isa = XCConfigurationList;
			buildConfigurations = (
				65E20ACF1FACC7450088885F /* Debug */,
				65E20AD01FACC7450088885F /* Release */,
			);
			defaultConfigurationIsVisible = 0;
			defaultConfigurationName = Release;
		};
		65E20AD11FACC7450088885F /* Build configuration list for PBXNativeTarget "projet_cpp" */ = {
			isa = XCConfigurationList;
			buildConfigurations = (
				65E20AD21FACC7450088885F /* Debug */,
				65E20AD31FACC7450088885F /* Release */,
			);
			defaultConfigurationIsVisible = 0;
			defaultConfigurationName = Release;
		};
/* End XCConfigurationList section */
	};
	rootObject = 65E20AC21FACC7450088885F /* Project object */;
}
